// !$*UTF8*$!
{
	archiveVersion = 1;
	classes = {
	};
	objectVersion = 55;
	objects = {

/* Begin PBXBuildFile section */
		561089AA28BCB58D00BC053A /* Product+CoreDataClass.swift in Sources */ = {isa = PBXBuildFile; fileRef = 561089A628BCB58D00BC053A /* Product+CoreDataClass.swift */; };
		561089AB28BCB58D00BC053A /* Product+CoreDataProperties.swift in Sources */ = {isa = PBXBuildFile; fileRef = 561089A728BCB58D00BC053A /* Product+CoreDataProperties.swift */; };
		561089AC28BCB58D00BC053A /* Category+CoreDataClass.swift in Sources */ = {isa = PBXBuildFile; fileRef = 561089A828BCB58D00BC053A /* Category+CoreDataClass.swift */; };
		561089AD28BCB58D00BC053A /* Category+CoreDataProperties.swift in Sources */ = {isa = PBXBuildFile; fileRef = 561089A928BCB58D00BC053A /* Category+CoreDataProperties.swift */; };
		5696847F28BA3D92006D56F8 /* AppDelegate.swift in Sources */ = {isa = PBXBuildFile; fileRef = 5696847E28BA3D92006D56F8 /* AppDelegate.swift */; };
		5696848128BA3D92006D56F8 /* SceneDelegate.swift in Sources */ = {isa = PBXBuildFile; fileRef = 5696848028BA3D92006D56F8 /* SceneDelegate.swift */; };
		5696848328BA3D92006D56F8 /* tabBarViewController.swift in Sources */ = {isa = PBXBuildFile; fileRef = 5696848228BA3D92006D56F8 /* tabBarViewController.swift */; };
		5696848628BA3D92006D56F8 /* Main.storyboard in Resources */ = {isa = PBXBuildFile; fileRef = 5696848428BA3D92006D56F8 /* Main.storyboard */; };
		5696848928BA3D93006D56F8 /* myShopTask.xcdatamodeld in Sources */ = {isa = PBXBuildFile; fileRef = 5696848728BA3D93006D56F8 /* myShopTask.xcdatamodeld */; };
		5696848B28BA3D99006D56F8 /* Assets.xcassets in Resources */ = {isa = PBXBuildFile; fileRef = 5696848A28BA3D99006D56F8 /* Assets.xcassets */; };
		5696848E28BA3D99006D56F8 /* LaunchScreen.storyboard in Resources */ = {isa = PBXBuildFile; fileRef = 5696848C28BA3D99006D56F8 /* LaunchScreen.storyboard */; };
		5696849628BA4558006D56F8 /* addCategoryViewController.swift in Sources */ = {isa = PBXBuildFile; fileRef = 5696849528BA4558006D56F8 /* addCategoryViewController.swift */; };
		5696849828BA456C006D56F8 /* addProductViewController.swift in Sources */ = {isa = PBXBuildFile; fileRef = 5696849728BA456C006D56F8 /* addProductViewController.swift */; };
		5696849A28BA45A1006D56F8 /* categoryViewController.swift in Sources */ = {isa = PBXBuildFile; fileRef = 5696849928BA45A1006D56F8 /* categoryViewController.swift */; };
		5696849F28BA535C006D56F8 /* HomeTableViewCell.swift in Sources */ = {isa = PBXBuildFile; fileRef = 5696849E28BA535C006D56F8 /* HomeTableViewCell.swift */; };
		56D33C3828BC7DA800ABA882 /* ViewController.swift in Sources */ = {isa = PBXBuildFile; fileRef = 56D33C3728BC7DA800ABA882 /* ViewController.swift */; };
		56D33C3D28BC89BE00ABA882 /* categoryCollectionViewCell.swift in Sources */ = {isa = PBXBuildFile; fileRef = 56D33C3C28BC89BE00ABA882 /* categoryCollectionViewCell.swift */; };
/* End PBXBuildFile section */

/* Begin PBXFileReference section */
		561089A628BCB58D00BC053A /* Product+CoreDataClass.swift */ = {isa = PBXFileReference; lastKnownFileType = sourcecode.swift; path = "Product+CoreDataClass.swift"; sourceTree = "<group>"; };
		561089A728BCB58D00BC053A /* Product+CoreDataProperties.swift */ = {isa = PBXFileReference; lastKnownFileType = sourcecode.swift; path = "Product+CoreDataProperties.swift"; sourceTree = "<group>"; };
		561089A828BCB58D00BC053A /* Category+CoreDataClass.swift */ = {isa = PBXFileReference; lastKnownFileType = sourcecode.swift; path = "Category+CoreDataClass.swift"; sourceTree = "<group>"; };
		561089A928BCB58D00BC053A /* Category+CoreDataProperties.swift */ = {isa = PBXFileReference; lastKnownFileType = sourcecode.swift; path = "Category+CoreDataProperties.swift"; sourceTree = "<group>"; };
		5696847B28BA3D92006D56F8 /* myShopTask.app */ = {isa = PBXFileReference; explicitFileType = wrapper.application; includeInIndex = 0; path = myShopTask.app; sourceTree = BUILT_PRODUCTS_DIR; };
		5696847E28BA3D92006D56F8 /* AppDelegate.swift */ = {isa = PBXFileReference; lastKnownFileType = sourcecode.swift; path = AppDelegate.swift; sourceTree = "<group>"; };
		5696848028BA3D92006D56F8 /* SceneDelegate.swift */ = {isa = PBXFileReference; lastKnownFileType = sourcecode.swift; path = SceneDelegate.swift; sourceTree = "<group>"; };
		5696848228BA3D92006D56F8 /* tabBarViewController.swift */ = {isa = PBXFileReference; lastKnownFileType = sourcecode.swift; path = tabBarViewController.swift; sourceTree = "<group>"; };
		5696848528BA3D92006D56F8 /* Base */ = {isa = PBXFileReference; lastKnownFileType = file.storyboard; name = Base; path = Base.lproj/Main.storyboard; sourceTree = "<group>"; };
		5696848828BA3D93006D56F8 /* myShopTask.xcdatamodel */ = {isa = PBXFileReference; lastKnownFileType = wrapper.xcdatamodel; path = myShopTask.xcdatamodel; sourceTree = "<group>"; };
		5696848A28BA3D99006D56F8 /* Assets.xcassets */ = {isa = PBXFileReference; lastKnownFileType = folder.assetcatalog; path = Assets.xcassets; sourceTree = "<group>"; };
		5696848D28BA3D99006D56F8 /* Base */ = {isa = PBXFileReference; lastKnownFileType = file.storyboard; name = Base; path = Base.lproj/LaunchScreen.storyboard; sourceTree = "<group>"; };
		5696848F28BA3D99006D56F8 /* Info.plist */ = {isa = PBXFileReference; lastKnownFileType = text.plist.xml; path = Info.plist; sourceTree = "<group>"; };
		5696849528BA4558006D56F8 /* addCategoryViewController.swift */ = {isa = PBXFileReference; lastKnownFileType = sourcecode.swift; path = addCategoryViewController.swift; sourceTree = "<group>"; };
		5696849728BA456C006D56F8 /* addProductViewController.swift */ = {isa = PBXFileReference; lastKnownFileType = sourcecode.swift; path = addProductViewController.swift; sourceTree = "<group>"; };
		5696849928BA45A1006D56F8 /* categoryViewController.swift */ = {isa = PBXFileReference; lastKnownFileType = sourcecode.swift; path = categoryViewController.swift; sourceTree = "<group>"; };
		5696849E28BA535C006D56F8 /* HomeTableViewCell.swift */ = {isa = PBXFileReference; lastKnownFileType = sourcecode.swift; path = HomeTableViewCell.swift; sourceTree = "<group>"; };
		56D33C3728BC7DA800ABA882 /* ViewController.swift */ = {isa = PBXFileReference; lastKnownFileType = sourcecode.swift; path = ViewController.swift; sourceTree = "<group>"; };
		56D33C3C28BC89BE00ABA882 /* categoryCollectionViewCell.swift */ = {isa = PBXFileReference; lastKnownFileType = sourcecode.swift; path = categoryCollectionViewCell.swift; sourceTree = "<group>"; };
/* End PBXFileReference section */

/* Begin PBXFrameworksBuildPhase section */
		5696847828BA3D92006D56F8 /* Frameworks */ = {
			isa = PBXFrameworksBuildPhase;
			buildActionMask = 2147483647;
			files = (
			);
			runOnlyForDeploymentPostprocessing = 0;
		};
/* End PBXFrameworksBuildPhase section */

/* Begin PBXGroup section */
		5696847228BA3D92006D56F8 = {
			isa = PBXGroup;
			children = (
				561089A628BCB58D00BC053A /* Product+CoreDataClass.swift */,
				561089A728BCB58D00BC053A /* Product+CoreDataProperties.swift */,
				561089A828BCB58D00BC053A /* Category+CoreDataClass.swift */,
				561089A928BCB58D00BC053A /* Category+CoreDataProperties.swift */,
				5696847D28BA3D92006D56F8 /* myShopTask */,
				5696847C28BA3D92006D56F8 /* Products */,
			);
			sourceTree = "<group>";
		};
		5696847C28BA3D92006D56F8 /* Products */ = {
			isa = PBXGroup;
			children = (
				5696847B28BA3D92006D56F8 /* myShopTask.app */,
			);
			name = Products;
			sourceTree = "<group>";
		};
		5696847D28BA3D92006D56F8 /* myShopTask */ = {
			isa = PBXGroup;
			children = (
				5696847E28BA3D92006D56F8 /* AppDelegate.swift */,
				5696848028BA3D92006D56F8 /* SceneDelegate.swift */,
				5696848228BA3D92006D56F8 /* tabBarViewController.swift */,
				5696849D28BA45FE006D56F8 /* Tab1 */,
				56D33C3B28BC834E00ABA882 /* Tab2 */,
				5696849528BA4558006D56F8 /* addCategoryViewController.swift */,
				5696849728BA456C006D56F8 /* addProductViewController.swift */,
				5696848428BA3D92006D56F8 /* Main.storyboard */,
				5696848A28BA3D99006D56F8 /* Assets.xcassets */,
				5696848C28BA3D99006D56F8 /* LaunchScreen.storyboard */,
				5696848F28BA3D99006D56F8 /* Info.plist */,
				5696848728BA3D93006D56F8 /* myShopTask.xcdatamodeld */,
			);
			path = myShopTask;
			sourceTree = "<group>";
		};
		5696849D28BA45FE006D56F8 /* Tab1 */ = {
			isa = PBXGroup;
			children = (
				56D33C3728BC7DA800ABA882 /* ViewController.swift */,
				5696849E28BA535C006D56F8 /* HomeTableViewCell.swift */,
			);
			path = Tab1;
			sourceTree = "<group>";
		};
		56D33C3B28BC834E00ABA882 /* Tab2 */ = {
			isa = PBXGroup;
			children = (
				5696849928BA45A1006D56F8 /* categoryViewController.swift */,
				56D33C3C28BC89BE00ABA882 /* categoryCollectionViewCell.swift */,
			);
			path = Tab2;
			sourceTree = "<group>";
		};
/* End PBXGroup section */

/* Begin PBXNativeTarget section */
		5696847A28BA3D92006D56F8 /* myShopTask */ = {
			isa = PBXNativeTarget;
			buildConfigurationList = 5696849228BA3D99006D56F8 /* Build configuration list for PBXNativeTarget "myShopTask" */;
			buildPhases = (
				5696847728BA3D92006D56F8 /* Sources */,
				5696847828BA3D92006D56F8 /* Frameworks */,
				5696847928BA3D92006D56F8 /* Resources */,
			);
			buildRules = (
			);
			dependencies = (
			);
			name = myShopTask;
			productName = myShopTask;
			productReference = 5696847B28BA3D92006D56F8 /* myShopTask.app */;
			productType = "com.apple.product-type.application";
		};
/* End PBXNativeTarget section */

/* Begin PBXProject section */
		5696847328BA3D92006D56F8 /* Project object */ = {
			isa = PBXProject;
			attributes = {
				BuildIndependentTargetsInParallel = 1;
				LastSwiftUpdateCheck = 1320;
				LastUpgradeCheck = 1320;
				TargetAttributes = {
					5696847A28BA3D92006D56F8 = {
						CreatedOnToolsVersion = 13.2.1;
					};
				};
			};
			buildConfigurationList = 5696847628BA3D92006D56F8 /* Build configuration list for PBXProject "myShopTask" */;
			compatibilityVersion = "Xcode 13.0";
			developmentRegion = en;
			hasScannedForEncodings = 0;
			knownRegions = (
				en,
				Base,
			);
			mainGroup = 5696847228BA3D92006D56F8;
			productRefGroup = 5696847C28BA3D92006D56F8 /* Products */;
			projectDirPath = "";
			projectRoot = "";
			targets = (
				5696847A28BA3D92006D56F8 /* myShopTask */,
			);
		};
/* End PBXProject section */

/* Begin PBXResourcesBuildPhase section */
		5696847928BA3D92006D56F8 /* Resources */ = {
			isa = PBXResourcesBuildPhase;
			buildActionMask = 2147483647;
			files = (
				5696848E28BA3D99006D56F8 /* LaunchScreen.storyboard in Resources */,
				5696848B28BA3D99006D56F8 /* Assets.xcassets in Resources */,
				5696848628BA3D92006D56F8 /* Main.storyboard in Resources */,
			);
			runOnlyForDeploymentPostprocessing = 0;
		};
/* End PBXResourcesBuildPhase section */

/* Begin PBXSourcesBuildPhase section */
		5696847728BA3D92006D56F8 /* Sources */ = {
			isa = PBXSourcesBuildPhase;
			buildActionMask = 2147483647;
			files = (
				561089AB28BCB58D00BC053A /* Product+CoreDataProperties.swift in Sources */,
				5696848328BA3D92006D56F8 /* tabBarViewController.swift in Sources */,
				56D33C3828BC7DA800ABA882 /* ViewController.swift in Sources */,
				5696847F28BA3D92006D56F8 /* AppDelegate.swift in Sources */,
				5696849F28BA535C006D56F8 /* HomeTableViewCell.swift in Sources */,
				5696848928BA3D93006D56F8 /* myShopTask.xcdatamodeld in Sources */,
				5696849628BA4558006D56F8 /* addCategoryViewController.swift in Sources */,
				561089AD28BCB58D00BC053A /* Category+CoreDataProperties.swift in Sources */,
				5696849828BA456C006D56F8 /* addProductViewController.swift in Sources */,
				561089AC28BCB58D00BC053A /* Category+CoreDataClass.swift in Sources */,
				56D33C3D28BC89BE00ABA882 /* categoryCollectionViewCell.swift in Sources */,
				5696848128BA3D92006D56F8 /* SceneDelegate.swift in Sources */,
				5696849A28BA45A1006D56F8 /* categoryViewController.swift in Sources */,
				561089AA28BCB58D00BC053A /* Product+CoreDataClass.swift in Sources */,
			);
			runOnlyForDeploymentPostprocessing = 0;
		};
/* End PBXSourcesBuildPhase section */

/* Begin PBXVariantGroup section */
		5696848428BA3D92006D56F8 /* Main.storyboard */ = {
			isa = PBXVariantGroup;
			children = (
				5696848528BA3D92006D56F8 /* Base */,
			);
			name = Main.storyboard;
			sourceTree = "<group>";
		};
		5696848C28BA3D99006D56F8 /* LaunchScreen.storyboard */ = {
			isa = PBXVariantGroup;
			children = (
				5696848D28BA3D99006D56F8 /* Base */,
			);
			name = LaunchScreen.storyboard;
			sourceTree = "<group>";
		};
/* End PBXVariantGroup section */

/* Begin XCBuildConfiguration section */
		5696849028BA3D99006D56F8 /* Debug */ = {
			isa = XCBuildConfiguration;
			buildSettings = {
				ALWAYS_SEARCH_USER_PATHS = NO;
				CLANG_ANALYZER_NONNULL = YES;
				CLANG_ANALYZER_NUMBER_OBJECT_CONVERSION = YES_AGGRESSIVE;
				CLANG_CXX_LANGUAGE_STANDARD = "gnu++17";
				CLANG_CXX_LIBRARY = "libc++";
				CLANG_ENABLE_MODULES = YES;
				CLANG_ENABLE_OBJC_ARC = YES;
				CLANG_ENABLE_OBJC_WEAK = YES;
				CLANG_WARN_BLOCK_CAPTURE_AUTORELEASING = YES;
				CLANG_WARN_BOOL_CONVERSION = YES;
				CLANG_WARN_COMMA = YES;
				CLANG_WARN_CONSTANT_CONVERSION = YES;
				CLANG_WARN_DEPRECATED_OBJC_IMPLEMENTATIONS = YES;
				CLANG_WARN_DIRECT_OBJC_ISA_USAGE = YES_ERROR;
				CLANG_WARN_DOCUMENTATION_COMMENTS = YES;
				CLANG_WARN_EMPTY_BODY = YES;
				CLANG_WARN_ENUM_CONVERSION = YES;
				CLANG_WARN_INFINITE_RECURSION = YES;
				CLANG_WARN_INT_CONVERSION = YES;
				CLANG_WARN_NON_LITERAL_NULL_CONVERSION = YES;
				CLANG_WARN_OBJC_IMPLICIT_RETAIN_SELF = YES;
				CLANG_WARN_OBJC_LITERAL_CONVERSION = YES;
				CLANG_WARN_OBJC_ROOT_CLASS = YES_ERROR;
				CLANG_WARN_QUOTED_INCLUDE_IN_FRAMEWORK_HEADER = YES;
				CLANG_WARN_RANGE_LOOP_ANALYSIS = YES;
				CLANG_WARN_STRICT_PROTOTYPES = YES;
				CLANG_WARN_SUSPICIOUS_MOVE = YES;
				CLANG_WARN_UNGUARDED_AVAILABILITY = YES_AGGRESSIVE;
				CLANG_WARN_UNREACHABLE_CODE = YES;
				CLANG_WARN__DUPLICATE_METHOD_MATCH = YES;
				COPY_PHASE_STRIP = NO;
				DEBUG_INFORMATION_FORMAT = dwarf;
				ENABLE_STRICT_OBJC_MSGSEND = YES;
				ENABLE_TESTABILITY = YES;
				GCC_C_LANGUAGE_STANDARD = gnu11;
				GCC_DYNAMIC_NO_PIC = NO;
				GCC_NO_COMMON_BLOCKS = YES;
				GCC_OPTIMIZATION_LEVEL = 0;
				GCC_PREPROCESSOR_DEFINITIONS = (
					"DEBUG=1",
					"$(inherited)",
				);
				GCC_WARN_64_TO_32_BIT_CONVERSION = YES;
				GCC_WARN_ABOUT_RETURN_TYPE = YES_ERROR;
				GCC_WARN_UNDECLARED_SELECTOR = YES;
				GCC_WARN_UNINITIALIZED_AUTOS = YES_AGGRESSIVE;
				GCC_WARN_UNUSED_FUNCTION = YES;
				GCC_WARN_UNUSED_VARIABLE = YES;
				IPHONEOS_DEPLOYMENT_TARGET = 15.2;
				MTL_ENABLE_DEBUG_INFO = INCLUDE_SOURCE;
				MTL_FAST_MATH = YES;
				ONLY_ACTIVE_ARCH = YES;
				SDKROOT = iphoneos;
				SWIFT_ACTIVE_COMPILATION_CONDITIONS = DEBUG;
				SWIFT_OPTIMIZATION_LEVEL = "-Onone";
			};
			name = Debug;
		};
		5696849128BA3D99006D56F8 /* Release */ = {
			isa = XCBuildConfiguration;
			buildSettings = {
				ALWAYS_SEARCH_USER_PATHS = NO;
				CLANG_ANALYZER_NONNULL = YES;
				CLANG_ANALYZER_NUMBER_OBJECT_CONVERSION = YES_AGGRESSIVE;
				CLANG_CXX_LANGUAGE_STANDARD = "gnu++17";
				CLANG_CXX_LIBRARY = "libc++";
				CLANG_ENABLE_MODULES = YES;
				CLANG_ENABLE_OBJC_ARC = YES;
				CLANG_ENABLE_OBJC_WEAK = YES;
				CLANG_WARN_BLOCK_CAPTURE_AUTORELEASING = YES;
				CLANG_WARN_BOOL_CONVERSION = YES;
				CLANG_WARN_COMMA = YES;
				CLANG_WARN_CONSTANT_CONVERSION = YES;
				CLANG_WARN_DEPRECATED_OBJC_IMPLEMENTATIONS = YES;
				CLANG_WARN_DIRECT_OBJC_ISA_USAGE = YES_ERROR;
				CLANG_WARN_DOCUMENTATION_COMMENTS = YES;
				CLANG_WARN_EMPTY_BODY = YES;
				CLANG_WARN_ENUM_CONVERSION = YES;
				CLANG_WARN_INFINITE_RECURSION = YES;
				CLANG_WARN_INT_CONVERSION = YES;
				CLANG_WARN_NON_LITERAL_NULL_CONVERSION = YES;
				CLANG_WARN_OBJC_IMPLICIT_RETAIN_SELF = YES;
				CLANG_WARN_OBJC_LITERAL_CONVERSION = YES;
				CLANG_WARN_OBJC_ROOT_CLASS = YES_ERROR;
				CLANG_WARN_QUOTED_INCLUDE_IN_FRAMEWORK_HEADER = YES;
				CLANG_WARN_RANGE_LOOP_ANALYSIS = YES;
				CLANG_WARN_STRICT_PROTOTYPES = YES;
				CLANG_WARN_SUSPICIOUS_MOVE = YES;
				CLANG_WARN_UNGUARDED_AVAILABILITY = YES_AGGRESSIVE;
				CLANG_WARN_UNREACHABLE_CODE = YES;
				CLANG_WARN__DUPLICATE_METHOD_MATCH = YES;
				COPY_PHASE_STRIP = NO;
				DEBUG_INFORMATION_FORMAT = "dwarf-with-dsym";
				ENABLE_NS_ASSERTIONS = NO;
				ENABLE_STRICT_OBJC_MSGSEND = YES;
				GCC_C_LANGUAGE_STANDARD = gnu11;
				GCC_NO_COMMON_BLOCKS = YES;
				GCC_WARN_64_TO_32_BIT_CONVERSION = YES;
				GCC_WARN_ABOUT_RETURN_TYPE = YES_ERROR;
				GCC_WARN_UNDECLARED_SELECTOR = YES;
				GCC_WARN_UNINITIALIZED_AUTOS = YES_AGGRESSIVE;
				GCC_WARN_UNUSED_FUNCTION = YES;
				GCC_WARN_UNUSED_VARIABLE = YES;
				IPHONEOS_DEPLOYMENT_TARGET = 15.2;
				MTL_ENABLE_DEBUG_INFO = NO;
				MTL_FAST_MATH = YES;
				SDKROOT = iphoneos;
				SWIFT_COMPILATION_MODE = wholemodule;
				SWIFT_OPTIMIZATION_LEVEL = "-O";
				VALIDATE_PRODUCT = YES;
			};
			name = Release;
		};
		5696849328BA3D99006D56F8 /* Debug */ = {
			isa = XCBuildConfiguration;
			buildSettings = {
				ASSETCATALOG_COMPILER_APPICON_NAME = AppIcon;
				ASSETCATALOG_COMPILER_GLOBAL_ACCENT_COLOR_NAME = AccentColor;
				CODE_SIGN_STYLE = Automatic;
				CURRENT_PROJECT_VERSION = 1;
				GENERATE_INFOPLIST_FILE = YES;
				INFOPLIST_FILE = myShopTask/Info.plist;
				INFOPLIST_KEY_UIApplicationSupportsIndirectInputEvents = YES;
				INFOPLIST_KEY_UILaunchStoryboardName = LaunchScreen;
				INFOPLIST_KEY_UIMainStoryboardFile = Main;
				INFOPLIST_KEY_UISupportedInterfaceOrientations_iPad = "UIInterfaceOrientationPortrait UIInterfaceOrientationPortraitUpsideDown UIInterfaceOrientationLandscapeLeft UIInterfaceOrientationLandscapeRight";
				INFOPLIST_KEY_UISupportedInterfaceOrientations_iPhone = "UIInterfaceOrientationPortrait UIInterfaceOrientationLandscapeLeft UIInterfaceOrientationLandscapeRight";
				LD_RUNPATH_SEARCH_PATHS = (
					"$(inherited)",
					"@executable_path/Frameworks",
				);
				MARKETING_VERSION = 1.0;
				PRODUCT_BUNDLE_IDENTIFIER = None.myShopTask;
				PRODUCT_NAME = "$(TARGET_NAME)";
				SWIFT_EMIT_LOC_STRINGS = YES;
				SWIFT_VERSION = 5.0;
				TARGETED_DEVICE_FAMILY = "1,2";
			};
			name = Debug;
		};
		5696849428BA3D99006D56F8 /* Release */ = {
			isa = XCBuildConfiguration;
			buildSettings = {
				ASSETCATALOG_COMPILER_APPICON_NAME = AppIcon;
				ASSETCATALOG_COMPILER_GLOBAL_ACCENT_COLOR_NAME = AccentColor;
				CODE_SIGN_STYLE = Automatic;
				CURRENT_PROJECT_VERSION = 1;
				GENERATE_INFOPLIST_FILE = YES;
				INFOPLIST_FILE = myShopTask/Info.plist;
				INFOPLIST_KEY_UIApplicationSupportsIndirectInputEvents = YES;
				INFOPLIST_KEY_UILaunchStoryboardName = LaunchScreen;
				INFOPLIST_KEY_UIMainStoryboardFile = Main;
				INFOPLIST_KEY_UISupportedInterfaceOrientations_iPad = "UIInterfaceOrientationPortrait UIInterfaceOrientationPortraitUpsideDown UIInterfaceOrientationLandscapeLeft UIInterfaceOrientationLandscapeRight";
				INFOPLIST_KEY_UISupportedInterfaceOrientations_iPhone = "UIInterfaceOrientationPortrait UIInterfaceOrientationLandscapeLeft UIInterfaceOrientationLandscapeRight";
				LD_RUNPATH_SEARCH_PATHS = (
					"$(inherited)",
					"@executable_path/Frameworks",
				);
				MARKETING_VERSION = 1.0;
				PRODUCT_BUNDLE_IDENTIFIER = None.myShopTask;
				PRODUCT_NAME = "$(TARGET_NAME)";
				SWIFT_EMIT_LOC_STRINGS = YES;
				SWIFT_VERSION = 5.0;
				TARGETED_DEVICE_FAMILY = "1,2";
			};
			name = Release;
		};
/* End XCBuildConfiguration section */

/* Begin XCConfigurationList section */
		5696847628BA3D92006D56F8 /* Build configuration list for PBXProject "myShopTask" */ = {
			isa = XCConfigurationList;
			buildConfigurations = (
				5696849028BA3D99006D56F8 /* Debug */,
				5696849128BA3D99006D56F8 /* Release */,
			);
			defaultConfigurationIsVisible = 0;
			defaultConfigurationName = Release;
		};
		5696849228BA3D99006D56F8 /* Build configuration list for PBXNativeTarget "myShopTask" */ = {
			isa = XCConfigurationList;
			buildConfigurations = (
				5696849328BA3D99006D56F8 /* Debug */,
				5696849428BA3D99006D56F8 /* Release */,
			);
			defaultConfigurationIsVisible = 0;
			defaultConfigurationName = Release;
		};
/* End XCConfigurationList section */

/* Begin XCVersionGroup section */
		5696848728BA3D93006D56F8 /* myShopTask.xcdatamodeld */ = {
			isa = XCVersionGroup;
			children = (
				5696848828BA3D93006D56F8 /* myShopTask.xcdatamodel */,
			);
			currentVersion = 5696848828BA3D93006D56F8 /* myShopTask.xcdatamodel */;
			path = myShopTask.xcdatamodeld;
			sourceTree = "<group>";
			versionGroupType = wrapper.xcdatamodel;
		};
/* End XCVersionGroup section */
	};
	rootObject = 5696847328BA3D92006D56F8 /* Project object */;
}
